
Microsoft Visual Studio Solution File, Format Version 12.00
# Visual Studio Version 17
VisualStudioVersion = 17.11.35208.52
MinimumVisualStudioVersion = 10.0.40219.1
Project("{FAE04EC0-301F-11D3-BF4B-00C04F79EFBC}") = "BookGenerate", "BookGenerate.csproj", "{391BEC70-3964-416B-9E22-676D399C549B}"
EndProject
Global
	GlobalSection(SolutionConfigurationPlatforms) = preSolution
		Debug|Any CPU = Debug|Any CPU
		Release|Any CPU = Release|Any CPU
	EndGlobalSection
	GlobalSection(ProjectConfigurationPlatforms) = postSolution
		{391BEC70-3964-416B-9E22-676D399C549B}.Debug|Any CPU.ActiveCfg = Debug|Any CPU
		{391BEC70-3964-416B-9E22-676D399C549B}.Debug|Any CPU.Build.0 = Debug|Any CPU
		{391BEC70-3964-416B-9E22-676D399C549B}.Release|Any CPU.ActiveCfg = Release|Any CPU
		{391BEC70-3964-416B-9E22-676D399C549B}.Release|Any CPU.Build.0 = Release|Any CPU
	EndGlobalSection
	GlobalSection(SolutionProperties) = preSolution
		HideSolutionNode = FALSE
	EndGlobalSection
	GlobalSection(ExtensibilityGlobals) = postSolution
		SolutionGuid = {B9532B36-B3E0-4501-B046-F9A6F3BDF715}
	EndGlobalSection
EndGlobal
